
Microsoft Visual Studio Solution File, Format Version 12.00
# Visual Studio Version 17
VisualStudioVersion = 17.8.34525.116
MinimumVisualStudioVersion = 10.0.40219.1
Project("{FAE04EC0-301F-11D3-BF4B-00C04F79EFBC}") = "ConsoleUI", "ConsoleUI\ConsoleUI.csproj", "{DF1C27D4-A9EB-4B8E-AC97-FC1905E23ED4}"
EndProject
Global
	GlobalSection(SolutionConfigurationPlatforms) = preSolution
		Debug|Any CPU = Debug|Any CPU
		Release|Any CPU = Release|Any CPU
	EndGlobalSection
	GlobalSection(ProjectConfigurationPlatforms) = postSolution
		{DF1C27D4-A9EB-4B8E-AC97-FC1905E23ED4}.Debug|Any CPU.ActiveCfg = Debug|Any CPU
		{DF1C27D4-A9EB-4B8E-AC97-FC1905E23ED4}.Debug|Any CPU.Build.0 = Debug|Any CPU
		{DF1C27D4-A9EB-4B8E-AC97-FC1905E23ED4}.Release|Any CPU.ActiveCfg = Release|Any CPU
		{DF1C27D4-A9EB-4B8E-AC97-FC1905E23ED4}.Release|Any CPU.Build.0 = Release|Any CPU
	EndGlobalSection
	GlobalSection(SolutionProperties) = preSolution
		HideSolutionNode = FALSE
	EndGlobalSection
	GlobalSection(ExtensibilityGlobals) = postSolution
		SolutionGuid = {4EAF5236-6BC3-4670-8164-95F7A0E1FE50}
	EndGlobalSection
EndGlobal
